// !$*UTF8*$!
{
	archiveVersion = 1;
	classes = {
	};
	objectVersion = 56;
	objects = {

/* Begin PBXBuildFile section */
		95F5144E2B0C8108684A5554 /* DMSans-Regular.ttf in Resources */ = {isa = PBXBuildFile; fileRef = F1BD4D0A099C3E1981DC5927 /* DMSans-Regular.ttf */; };
		99F986A829455F8938C1CC26 /* DMSans-Medium.ttf in Resources */ = {isa = PBXBuildFile; fileRef = CCB1C669D027C317AA1B723A /* DMSans-Medium.ttf */; };
		A10001 /* GardenCalendarApp.swift in Sources */ = {isa = PBXBuildFile; fileRef = A20001 /* GardenCalendarApp.swift */; };
		A10014 /* Assets.xcassets in Resources */ = {isa = PBXBuildFile; fileRef = A20014 /* Assets.xcassets */; };
		A10015 /* LaunchScreen.storyboard in Resources */ = {isa = PBXBuildFile; fileRef = A20015 /* LaunchScreen.storyboard */; };
		AAEACCE49BACBCA3541F14AA /* Lora-Bold.ttf in Resources */ = {isa = PBXBuildFile; fileRef = B52618805B7B31974D9A1A0C /* Lora-Bold.ttf */; };
		B10001 /* ContentView.swift in Sources */ = {isa = PBXBuildFile; fileRef = B20001 /* ContentView.swift */; };
		B10002 /* SupabaseConfig.swift in Sources */ = {isa = PBXBuildFile; fileRef = B20002 /* SupabaseConfig.swift */; };
		B10003 /* Attivita.swift in Sources */ = {isa = PBXBuildFile; fileRef = B20003 /* Attivita.swift */; };
		B10004 /* Orto.swift in Sources */ = {isa = PBXBuildFile; fileRef = B20004 /* Orto.swift */; };
		B10005 /* PiantaColtivata.swift in Sources */ = {isa = PBXBuildFile; fileRef = B20005 /* PiantaColtivata.swift */; };
		B10006 /* PlantKnowledge.swift in Sources */ = {isa = PBXBuildFile; fileRef = B20006 /* PlantKnowledge.swift */; };
		B10007 /* WikiNote.swift in Sources */ = {isa = PBXBuildFile; fileRef = B20007 /* WikiNote.swift */; };
		B10008 /* AuthManager.swift in Sources */ = {isa = PBXBuildFile; fileRef = B20008 /* AuthManager.swift */; };
		B10009 /* RainAdjuster.swift in Sources */ = {isa = PBXBuildFile; fileRef = B20009 /* RainAdjuster.swift */; };
		B10010 /* SupabaseRepository.swift in Sources */ = {isa = PBXBuildFile; fileRef = B20010 /* SupabaseRepository.swift */; };
		B10011 /* AppTheme.swift in Sources */ = {isa = PBXBuildFile; fileRef = B20011 /* AppTheme.swift */; };
		B10012 /* LoginView.swift in Sources */ = {isa = PBXBuildFile; fileRef = B20012 /* LoginView.swift */; };
		B10013 /* SignUpView.swift in Sources */ = {isa = PBXBuildFile; fileRef = B20013 /* SignUpView.swift */; };
		B10014 /* CalendarView.swift in Sources */ = {isa = PBXBuildFile; fileRef = B20014 /* CalendarView.swift */; };
		B10015 /* DayDetailSheet.swift in Sources */ = {isa = PBXBuildFile; fileRef = B20015 /* DayDetailSheet.swift */; };
		B10016 /* ActivityColorDot.swift in Sources */ = {isa = PBXBuildFile; fileRef = B20016 /* ActivityColorDot.swift */; };
		B10017 /* WeatherIcon.swift in Sources */ = {isa = PBXBuildFile; fileRef = B20017 /* WeatherIcon.swift */; };
		B10029 /* PlantEmoji.swift in Sources */ = {isa = PBXBuildFile; fileRef = B20029 /* PlantEmoji.swift */; };
		B10030 /* SuggerimentiSeminaView.swift in Sources */ = {isa = PBXBuildFile; fileRef = B20030 /* SuggerimentiSeminaView.swift */; };
		B10018 /* QuickJournalView.swift in Sources */ = {isa = PBXBuildFile; fileRef = B20018 /* QuickJournalView.swift */; };
		B10019 /* OrtoDetailView.swift in Sources */ = {isa = PBXBuildFile; fileRef = B20019 /* OrtoDetailView.swift */; };
		B10020 /* OrtoListView.swift in Sources */ = {isa = PBXBuildFile; fileRef = B20020 /* OrtoListView.swift */; };
		B10021 /* AggiungiPiantaView.swift in Sources */ = {isa = PBXBuildFile; fileRef = B20021 /* AggiungiPiantaView.swift */; };
		B10022 /* PiantaDetailView.swift in Sources */ = {isa = PBXBuildFile; fileRef = B20022 /* PiantaDetailView.swift */; };
		B10023 /* PiantaListView.swift in Sources */ = {isa = PBXBuildFile; fileRef = B20023 /* PiantaListView.swift */; };
		B10024 /* SettingsView.swift in Sources */ = {isa = PBXBuildFile; fileRef = B20024 /* SettingsView.swift */; };
		B10025 /* LocationHelper.swift in Sources */ = {isa = PBXBuildFile; fileRef = B20025 /* LocationHelper.swift */; };
		B10026 /* ModificaIntervalloSheet.swift in Sources */ = {isa = PBXBuildFile; fileRef = B20026 /* ModificaIntervalloSheet.swift */; };
		B10027 /* NuovaAttivitaSheet.swift in Sources */ = {isa = PBXBuildFile; fileRef = B20027 /* NuovaAttivitaSheet.swift */; };
		B10028 /* ModificaPiantaSheet.swift in Sources */ = {isa = PBXBuildFile; fileRef = B20028 /* ModificaPiantaSheet.swift */; };
		C6FBBF6B2A6C34163F7561E5 /* DMSans-SemiBold.ttf in Resources */ = {isa = PBXBuildFile; fileRef = E8E250A4C3C3C2E48151623D /* DMSans-SemiBold.ttf */; };
		D10001 /* LocalCache.swift in Sources */ = {isa = PBXBuildFile; fileRef = D20001 /* LocalCache.swift */; };
		D10002 /* NotificationManager.swift in Sources */ = {isa = PBXBuildFile; fileRef = D20002 /* NotificationManager.swift */; };
		D10003 /* WidgetDataExporter.swift in Sources */ = {isa = PBXBuildFile; fileRef = D20003 /* WidgetDataExporter.swift */; };
		D110006 /* PlantCatalogService.swift in Sources */ = {isa = PBXBuildFile; fileRef = D220007 /* PlantCatalogService.swift */; };
		D110008 /* PerenualAPIClient.swift in Sources */ = {isa = PBXBuildFile; fileRef = D220008 /* PerenualAPIClient.swift */; };
		D10004 /* WidgetActivity.swift in Sources */ = {isa = PBXBuildFile; fileRef = D20004 /* WidgetActivity.swift */; };
		D220007 /* PlantCatalogService.swift */ = {isa = PBXFileReference; lastKnownFileType = sourcecode.swift; path = PlantCatalogService.swift; sourceTree = "<group>"; };
		D220008 /* PerenualAPIClient.swift */ = {isa = PBXFileReference; lastKnownFileType = sourcecode.swift; path = PerenualAPIClient.swift; sourceTree = "<group>"; };
		D10005 /* Raccolto.swift in Sources */ = {isa = PBXBuildFile; fileRef = D20005 /* Raccolto.swift */; };
		F10001 /* Strings.swift in Sources */ = {isa = PBXBuildFile; fileRef = F20001 /* Strings.swift */; };
		E10001 /* GardenCalendarWidget.swift in Sources */ = {isa = PBXBuildFile; fileRef = E20001 /* GardenCalendarWidget.swift */; };
		E10002 /* LocalCache.swift in Sources */ = {isa = PBXBuildFile; fileRef = D20001 /* LocalCache.swift */; };
		E10003 /* WidgetActivity.swift in Sources */ = {isa = PBXBuildFile; fileRef = D20004 /* WidgetActivity.swift */; };
		E10004 /* GardenCalendarWidgetExtension.appex in Embed Foundation Extensions */ = {isa = PBXBuildFile; fileRef = E20003 /* GardenCalendarWidgetExtension.appex */; settings = {ATTRIBUTES = (RemoveHeadersOnCopy, ); }; };
/* End PBXBuildFile section */

/* Begin PBXFileReference section */
		A20001 /* GardenCalendarApp.swift */ = {isa = PBXFileReference; lastKnownFileType = sourcecode.swift; path = GardenCalendarApp.swift; sourceTree = "<group>"; };
		A20014 /* Assets.xcassets */ = {isa = PBXFileReference; lastKnownFileType = folder.assetcatalog; path = Assets.xcassets; sourceTree = "<group>"; };
		A20015 /* LaunchScreen.storyboard */ = {isa = PBXFileReference; lastKnownFileType = file.storyboard; path = LaunchScreen.storyboard; sourceTree = "<group>"; };
		A20016 /* Info.plist */ = {isa = PBXFileReference; lastKnownFileType = text.plist.xml; path = Info.plist; sourceTree = "<group>"; };
		A20017 /* GardenCalendar.app */ = {isa = PBXFileReference; explicitFileType = wrapper.application; includeInIndex = 0; path = GardenCalendar.app; sourceTree = BUILT_PRODUCTS_DIR; };
		B20001 /* ContentView.swift */ = {isa = PBXFileReference; lastKnownFileType = sourcecode.swift; path = ContentView.swift; sourceTree = "<group>"; };
		B20002 /* SupabaseConfig.swift */ = {isa = PBXFileReference; lastKnownFileType = sourcecode.swift; path = SupabaseConfig.swift; sourceTree = "<group>"; };
		B20003 /* Attivita.swift */ = {isa = PBXFileReference; lastKnownFileType = sourcecode.swift; path = Attivita.swift; sourceTree = "<group>"; };
		B20004 /* Orto.swift */ = {isa = PBXFileReference; lastKnownFileType = sourcecode.swift; path = Orto.swift; sourceTree = "<group>"; };
		B20005 /* PiantaColtivata.swift */ = {isa = PBXFileReference; lastKnownFileType = sourcecode.swift; path = PiantaColtivata.swift; sourceTree = "<group>"; };
		B20006 /* PlantKnowledge.swift */ = {isa = PBXFileReference; lastKnownFileType = sourcecode.swift; path = PlantKnowledge.swift; sourceTree = "<group>"; };
		B20007 /* WikiNote.swift */ = {isa = PBXFileReference; lastKnownFileType = sourcecode.swift; path = WikiNote.swift; sourceTree = "<group>"; };
		B20008 /* AuthManager.swift */ = {isa = PBXFileReference; lastKnownFileType = sourcecode.swift; path = AuthManager.swift; sourceTree = "<group>"; };
		B20009 /* RainAdjuster.swift */ = {isa = PBXFileReference; lastKnownFileType = sourcecode.swift; path = RainAdjuster.swift; sourceTree = "<group>"; };
		B20010 /* SupabaseRepository.swift */ = {isa = PBXFileReference; lastKnownFileType = sourcecode.swift; path = SupabaseRepository.swift; sourceTree = "<group>"; };
		B20011 /* AppTheme.swift */ = {isa = PBXFileReference; lastKnownFileType = sourcecode.swift; path = AppTheme.swift; sourceTree = "<group>"; };
		B20012 /* LoginView.swift */ = {isa = PBXFileReference; lastKnownFileType = sourcecode.swift; path = LoginView.swift; sourceTree = "<group>"; };
		B20013 /* SignUpView.swift */ = {isa = PBXFileReference; lastKnownFileType = sourcecode.swift; path = SignUpView.swift; sourceTree = "<group>"; };
		B20014 /* CalendarView.swift */ = {isa = PBXFileReference; lastKnownFileType = sourcecode.swift; path = CalendarView.swift; sourceTree = "<group>"; };
		B20015 /* DayDetailSheet.swift */ = {isa = PBXFileReference; lastKnownFileType = sourcecode.swift; path = DayDetailSheet.swift; sourceTree = "<group>"; };
		B20016 /* ActivityColorDot.swift */ = {isa = PBXFileReference; lastKnownFileType = sourcecode.swift; path = ActivityColorDot.swift; sourceTree = "<group>"; };
		B20017 /* WeatherIcon.swift */ = {isa = PBXFileReference; lastKnownFileType = sourcecode.swift; path = WeatherIcon.swift; sourceTree = "<group>"; };
		B20029 /* PlantEmoji.swift */ = {isa = PBXFileReference; lastKnownFileType = sourcecode.swift; path = PlantEmoji.swift; sourceTree = "<group>"; };
		B20030 /* SuggerimentiSeminaView.swift */ = {isa = PBXFileReference; lastKnownFileType = sourcecode.swift; path = SuggerimentiSeminaView.swift; sourceTree = "<group>"; };
		B20018 /* QuickJournalView.swift */ = {isa = PBXFileReference; lastKnownFileType = sourcecode.swift; path = QuickJournalView.swift; sourceTree = "<group>"; };
		B20019 /* OrtoDetailView.swift */ = {isa = PBXFileReference; lastKnownFileType = sourcecode.swift; path = OrtoDetailView.swift; sourceTree = "<group>"; };
		B20020 /* OrtoListView.swift */ = {isa = PBXFileReference; lastKnownFileType = sourcecode.swift; path = OrtoListView.swift; sourceTree = "<group>"; };
		B20021 /* AggiungiPiantaView.swift */ = {isa = PBXFileReference; lastKnownFileType = sourcecode.swift; path = AggiungiPiantaView.swift; sourceTree = "<group>"; };
		B20022 /* PiantaDetailView.swift */ = {isa = PBXFileReference; lastKnownFileType = sourcecode.swift; path = PiantaDetailView.swift; sourceTree = "<group>"; };
		B20023 /* PiantaListView.swift */ = {isa = PBXFileReference; lastKnownFileType = sourcecode.swift; path = PiantaListView.swift; sourceTree = "<group>"; };
		B20024 /* SettingsView.swift */ = {isa = PBXFileReference; lastKnownFileType = sourcecode.swift; path = SettingsView.swift; sourceTree = "<group>"; };
		B20025 /* LocationHelper.swift */ = {isa = PBXFileReference; lastKnownFileType = sourcecode.swift; path = LocationHelper.swift; sourceTree = "<group>"; };
		B20026 /* ModificaIntervalloSheet.swift */ = {isa = PBXFileReference; lastKnownFileType = sourcecode.swift; path = ModificaIntervalloSheet.swift; sourceTree = "<group>"; };
		B20027 /* NuovaAttivitaSheet.swift */ = {isa = PBXFileReference; lastKnownFileType = sourcecode.swift; path = NuovaAttivitaSheet.swift; sourceTree = "<group>"; };
		B20028 /* ModificaPiantaSheet.swift */ = {isa = PBXFileReference; lastKnownFileType = sourcecode.swift; path = ModificaPiantaSheet.swift; sourceTree = "<group>"; };
		B52618805B7B31974D9A1A0C /* Lora-Bold.ttf */ = {isa = PBXFileReference; includeInIndex = 1; lastKnownFileType = file; path = "Lora-Bold.ttf"; sourceTree = "<group>"; };
		CCB1C669D027C317AA1B723A /* DMSans-Medium.ttf */ = {isa = PBXFileReference; includeInIndex = 1; lastKnownFileType = file; path = "DMSans-Medium.ttf"; sourceTree = "<group>"; };
		E8E250A4C3C3C2E48151623D /* DMSans-SemiBold.ttf */ = {isa = PBXFileReference; includeInIndex = 1; lastKnownFileType = file; path = "DMSans-SemiBold.ttf"; sourceTree = "<group>"; };
		F1BD4D0A099C3E1981DC5927 /* DMSans-Regular.ttf */ = {isa = PBXFileReference; includeInIndex = 1; lastKnownFileType = file; path = "DMSans-Regular.ttf"; sourceTree = "<group>"; };
		D20001 /* LocalCache.swift */ = {isa = PBXFileReference; lastKnownFileType = sourcecode.swift; path = LocalCache.swift; sourceTree = "<group>"; };
		D20002 /* NotificationManager.swift */ = {isa = PBXFileReference; lastKnownFileType = sourcecode.swift; path = NotificationManager.swift; sourceTree = "<group>"; };
		D20003 /* WidgetDataExporter.swift */ = {isa = PBXFileReference; lastKnownFileType = sourcecode.swift; path = WidgetDataExporter.swift; sourceTree = "<group>"; };
		D20004 /* WidgetActivity.swift */ = {isa = PBXFileReference; lastKnownFileType = sourcecode.swift; path = WidgetActivity.swift; sourceTree = "<group>"; };
		D20005 /* Raccolto.swift */ = {isa = PBXFileReference; lastKnownFileType = sourcecode.swift; path = Raccolto.swift; sourceTree = "<group>"; };
		F20001 /* Strings.swift */ = {isa = PBXFileReference; lastKnownFileType = sourcecode.swift; path = Strings.swift; sourceTree = "<group>"; };
		D20006 /* GardenCalendar.entitlements */ = {isa = PBXFileReference; lastKnownFileType = text.plist.entitlements; path = GardenCalendar.entitlements; sourceTree = "<group>"; };
		E20001 /* GardenCalendarWidget.swift */ = {isa = PBXFileReference; lastKnownFileType = sourcecode.swift; path = GardenCalendarWidget.swift; sourceTree = "<group>"; };
		E20002 /* Info.plist */ = {isa = PBXFileReference; lastKnownFileType = text.plist.xml; path = Info.plist; sourceTree = "<group>"; };
		E20003 /* GardenCalendarWidgetExtension.appex */ = {isa = PBXFileReference; explicitFileType = "wrapper.app-extension"; includeInIndex = 0; path = GardenCalendarWidgetExtension.appex; sourceTree = BUILT_PRODUCTS_DIR; };
		E20004 /* GardenCalendarWidget.entitlements */ = {isa = PBXFileReference; lastKnownFileType = text.plist.entitlements; path = GardenCalendarWidget.entitlements; sourceTree = "<group>"; };
/* End PBXFileReference section */

/* Begin PBXFrameworksBuildPhase section */
		A30001 /* Frameworks */ = {
			isa = PBXFrameworksBuildPhase;
			buildActionMask = 2147483647;
			files = (
			);
			runOnlyForDeploymentPostprocessing = 0;
		};
		E30001 /* Frameworks */ = {
			isa = PBXFrameworksBuildPhase;
			buildActionMask = 2147483647;
			files = (
			);
			runOnlyForDeploymentPostprocessing = 0;
		};
/* End PBXFrameworksBuildPhase section */

/* Begin PBXCopyFilesBuildPhase section */
		E60003 /* Embed Foundation Extensions */ = {
			isa = PBXCopyFilesBuildPhase;
			buildActionMask = 2147483647;
			dstPath = "";
			dstSubfolderSpec = 13;
			files = (
				E10004 /* GardenCalendarWidgetExtension.appex in Embed Foundation Extensions */,
			);
			name = "Embed Foundation Extensions";
			runOnlyForDeploymentPostprocessing = 0;
		};
/* End PBXCopyFilesBuildPhase section */

/* Begin PBXContainerItemProxy section */
		E80001 /* PBXContainerItemProxy */ = {
			isa = PBXContainerItemProxy;
			containerPortal = A80001 /* Project object */;
			proxyType = 1;
			remoteGlobalIDString = E50001;
			remoteInfo = GardenCalendarWidgetExtension;
		};
/* End PBXContainerItemProxy section */

/* Begin PBXTargetDependency section */
		E70001 /* PBXTargetDependency */ = {
			isa = PBXTargetDependency;
			target = E50001 /* GardenCalendarWidgetExtension */;
			targetProxy = E80001 /* PBXContainerItemProxy */;
		};
/* End PBXTargetDependency section */

/* Begin PBXGroup section */
		4CD2A98A7578BB225F45C5AC /* Resources */ = {
			isa = PBXGroup;
			children = (
				B9DFE7986B377592E7838BF4 /* Fonts */,
			);
			name = Resources;
			path = Resources;
			sourceTree = "<group>";
		};
		A40001 = {
			isa = PBXGroup;
			children = (
				A40002 /* GardenCalendar */,
				E40001 /* GardenCalendarWidget */,
				A40003 /* Products */,
			);
			sourceTree = "<group>";
		};
		A40002 /* GardenCalendar */ = {
			isa = PBXGroup;
			children = (
				A20001 /* GardenCalendarApp.swift */,
				B20001 /* ContentView.swift */,
				B20002 /* SupabaseConfig.swift */,
				B40004 /* Models */,
				B40005 /* Services */,
				B40006 /* Theme */,
				F40001 /* Localization */,
				B40007 /* Views */,
				A20014 /* Assets.xcassets */,
				A20015 /* LaunchScreen.storyboard */,
				A20016 /* Info.plist */,
				D20006 /* GardenCalendar.entitlements */,
				4CD2A98A7578BB225F45C5AC /* Resources */,
			);
			path = GardenCalendar;
			sourceTree = "<group>";
		};
		A40003 /* Products */ = {
			isa = PBXGroup;
			children = (
				A20017 /* GardenCalendar.app */,
				E20003 /* GardenCalendarWidgetExtension.appex */,
			);
			name = Products;
			sourceTree = "<group>";
		};
		B40004 /* Models */ = {
			isa = PBXGroup;
			children = (
				B20003 /* Attivita.swift */,
				B20004 /* Orto.swift */,
				B20005 /* PiantaColtivata.swift */,
				D20005 /* Raccolto.swift */,
				B20006 /* PlantKnowledge.swift */,
				B20007 /* WikiNote.swift */,
			);
			path = Models;
			sourceTree = "<group>";
		};
		B40005 /* Services */ = {
			isa = PBXGroup;
			children = (
				B20008 /* AuthManager.swift */,
				D20001 /* LocalCache.swift */,
				B20025 /* LocationHelper.swift */,
				D20002 /* NotificationManager.swift */,
				D220008 /* PerenualAPIClient.swift */,
				D220007 /* PlantCatalogService.swift */,
				B20009 /* RainAdjuster.swift */,
				B20010 /* SupabaseRepository.swift */,
				D20004 /* WidgetActivity.swift */,
				D20003 /* WidgetDataExporter.swift */,
			);
			path = Services;
			sourceTree = "<group>";
		};
		B40006 /* Theme */ = {
			isa = PBXGroup;
			children = (
				B20011 /* AppTheme.swift */,
			);
			path = Theme;
			sourceTree = "<group>";
		};
		F40001 /* Localization */ = {
			isa = PBXGroup;
			children = (
				F20001 /* Strings.swift */,
			);
			path = Localization;
			sourceTree = "<group>";
		};
		B40007 /* Views */ = {
			isa = PBXGroup;
			children = (
				B40008 /* Auth */,
				B40009 /* Calendario */,
				B40010 /* Components */,
				B40011 /* Journal */,
				B40012 /* Orto */,
				B40013 /* Piante */,
				B40014 /* Settings */,
			);
			path = Views;
			sourceTree = "<group>";
		};
		B40008 /* Auth */ = {
			isa = PBXGroup;
			children = (
				B20012 /* LoginView.swift */,
				B20013 /* SignUpView.swift */,
			);
			path = Auth;
			sourceTree = "<group>";
		};
		B40009 /* Calendario */ = {
			isa = PBXGroup;
			children = (
				B20014 /* CalendarView.swift */,
				B20015 /* DayDetailSheet.swift */,
			);
			path = Calendario;
			sourceTree = "<group>";
		};
		B40010 /* Components */ = {
			isa = PBXGroup;
			children = (
				B20016 /* ActivityColorDot.swift */,
				B20017 /* WeatherIcon.swift */,
				B20029 /* PlantEmoji.swift */,
				B20030 /* SuggerimentiSeminaView.swift */,
			);
			path = Components;
			sourceTree = "<group>";
		};
		B40011 /* Journal */ = {
			isa = PBXGroup;
			children = (
				B20018 /* QuickJournalView.swift */,
			);
			path = Journal;
			sourceTree = "<group>";
		};
		B40012 /* Orto */ = {
			isa = PBXGroup;
			children = (
				B20019 /* OrtoDetailView.swift */,
				B20020 /* OrtoListView.swift */,
			);
			path = Orto;
			sourceTree = "<group>";
		};
		B40013 /* Piante */ = {
			isa = PBXGroup;
			children = (
				B20026 /* ModificaIntervalloSheet.swift */,
				B20027 /* NuovaAttivitaSheet.swift */,
				B20028 /* ModificaPiantaSheet.swift */,
				B20021 /* AggiungiPiantaView.swift */,
				B20022 /* PiantaDetailView.swift */,
				B20023 /* PiantaListView.swift */,
			);
			path = Piante;
			sourceTree = "<group>";
		};
		B40014 /* Settings */ = {
			isa = PBXGroup;
			children = (
				B20024 /* SettingsView.swift */,
			);
			path = Settings;
			sourceTree = "<group>";
		};
		B9DFE7986B377592E7838BF4 /* Fonts */ = {
			isa = PBXGroup;
			children = (
				B52618805B7B31974D9A1A0C /* Lora-Bold.ttf */,
				F1BD4D0A099C3E1981DC5927 /* DMSans-Regular.ttf */,
				CCB1C669D027C317AA1B723A /* DMSans-Medium.ttf */,
				E8E250A4C3C3C2E48151623D /* DMSans-SemiBold.ttf */,
			);
			name = Fonts;
			path = Fonts;
			sourceTree = "<group>";
		};
		E40001 /* GardenCalendarWidget */ = {
			isa = PBXGroup;
			children = (
				E20001 /* GardenCalendarWidget.swift */,
				E20002 /* Info.plist */,
				E20004 /* GardenCalendarWidget.entitlements */,
			);
			path = GardenCalendarWidget;
			sourceTree = "<group>";
		};
/* End PBXGroup section */

/* Begin PBXNativeTarget section */
		A50001 /* GardenCalendar */ = {
			isa = PBXNativeTarget;
			buildConfigurationList = A70001 /* Build configuration list for PBXNativeTarget "GardenCalendar" */;
			buildPhases = (
				A60001 /* Sources */,
				A30001 /* Frameworks */,
				A60002 /* Resources */,
				E60003 /* Embed Foundation Extensions */,
			);
			buildRules = (
			);
			dependencies = (
				E70001 /* PBXTargetDependency */,
			);
			name = GardenCalendar;
			packageProductDependencies = (
				C10001 /* Supabase */,
			);
			productName = GardenCalendar;
			productReference = A20017 /* GardenCalendar.app */;
			productType = "com.apple.product-type.application";
		};
		E50001 /* GardenCalendarWidgetExtension */ = {
			isa = PBXNativeTarget;
			buildConfigurationList = EA0001 /* Build configuration list for PBXNativeTarget "GardenCalendarWidgetExtension" */;
			buildPhases = (
				E60001 /* Sources */,
				E30001 /* Frameworks */,
				E60002 /* Resources */,
			);
			buildRules = (
			);
			dependencies = (
			);
			name = GardenCalendarWidgetExtension;
			productName = GardenCalendarWidgetExtension;
			productReference = E20003 /* GardenCalendarWidgetExtension.appex */;
			productType = "com.apple.product-type.app-extension";
		};
/* End PBXNativeTarget section */

/* Begin PBXProject section */
		A80001 /* Project object */ = {
			isa = PBXProject;
			attributes = {
				BuildIndependentTargetsInParallel = 1;
				LastSwiftUpdateCheck = 1500;
				LastUpgradeCheck = 1500;
				TargetAttributes = {
					A50001 = {
						CreatedOnToolsVersion = 15.0;
					};
					E50001 = {
						CreatedOnToolsVersion = 15.0;
					};
				};
			};
			buildConfigurationList = A70002 /* Build configuration list for PBXProject "GardenCalendar" */;
			compatibilityVersion = "Xcode 14.0";
			developmentRegion = it;
			hasScannedForEncodings = 0;
			knownRegions = (
				en,
				Base,
				it,
			);
			mainGroup = A40001;
			packageReferences = (
				C20001 /* XCRemoteSwiftPackageReference "supabase-swift" */,
			);
			productRefGroup = A40003 /* Products */;
			projectDirPath = "";
			projectRoot = "";
			targets = (
				A50001 /* GardenCalendar */,
				E50001 /* GardenCalendarWidgetExtension */,
			);
		};
/* End PBXProject section */

/* Begin PBXResourcesBuildPhase section */
		A60002 /* Resources */ = {
			isa = PBXResourcesBuildPhase;
			buildActionMask = 2147483647;
			files = (
				A10014 /* Assets.xcassets in Resources */,
				A10015 /* LaunchScreen.storyboard in Resources */,
				AAEACCE49BACBCA3541F14AA /* Lora-Bold.ttf in Resources */,
				95F5144E2B0C8108684A5554 /* DMSans-Regular.ttf in Resources */,
				99F986A829455F8938C1CC26 /* DMSans-Medium.ttf in Resources */,
				C6FBBF6B2A6C34163F7561E5 /* DMSans-SemiBold.ttf in Resources */,
			);
			runOnlyForDeploymentPostprocessing = 0;
		};
		E60002 /* Resources */ = {
			isa = PBXResourcesBuildPhase;
			buildActionMask = 2147483647;
			files = (
			);
			runOnlyForDeploymentPostprocessing = 0;
		};
/* End PBXResourcesBuildPhase section */

/* Begin PBXSourcesBuildPhase section */
		A60001 /* Sources */ = {
			isa = PBXSourcesBuildPhase;
			buildActionMask = 2147483647;
			files = (
				A10001 /* GardenCalendarApp.swift in Sources */,
				B10001 /* ContentView.swift in Sources */,
				B10002 /* SupabaseConfig.swift in Sources */,
				B10003 /* Attivita.swift in Sources */,
				B10004 /* Orto.swift in Sources */,
				B10005 /* PiantaColtivata.swift in Sources */,
				B10006 /* PlantKnowledge.swift in Sources */,
				B10007 /* WikiNote.swift in Sources */,
				B10008 /* AuthManager.swift in Sources */,
				B10009 /* RainAdjuster.swift in Sources */,
				B10010 /* SupabaseRepository.swift in Sources */,
				B10011 /* AppTheme.swift in Sources */,
				B10012 /* LoginView.swift in Sources */,
				B10013 /* SignUpView.swift in Sources */,
				B10014 /* CalendarView.swift in Sources */,
				B10015 /* DayDetailSheet.swift in Sources */,
				B10016 /* ActivityColorDot.swift in Sources */,
				B10017 /* WeatherIcon.swift in Sources */,
				B10029 /* PlantEmoji.swift in Sources */,
				B10030 /* SuggerimentiSeminaView.swift in Sources */,
				B10018 /* QuickJournalView.swift in Sources */,
				B10019 /* OrtoDetailView.swift in Sources */,
				B10020 /* OrtoListView.swift in Sources */,
				B10026 /* ModificaIntervalloSheet.swift in Sources */,
				B10027 /* NuovaAttivitaSheet.swift in Sources */,
				B10028 /* ModificaPiantaSheet.swift in Sources */,
				B10021 /* AggiungiPiantaView.swift in Sources */,
				B10022 /* PiantaDetailView.swift in Sources */,
				B10023 /* PiantaListView.swift in Sources */,
				B10024 /* SettingsView.swift in Sources */,
				B10025 /* LocationHelper.swift in Sources */,
				D10001 /* LocalCache.swift in Sources */,
				D10002 /* NotificationManager.swift in Sources */,
				D10003 /* WidgetDataExporter.swift in Sources */,
				D10004 /* WidgetActivity.swift in Sources */,
				D10005 /* Raccolto.swift in Sources */,
				D110006 /* PlantCatalogService.swift in Sources */,
				D110008 /* PerenualAPIClient.swift in Sources */,
				F10001 /* Strings.swift in Sources */,
			);
			runOnlyForDeploymentPostprocessing = 0;
		};
		E60001 /* Sources */ = {
			isa = PBXSourcesBuildPhase;
			buildActionMask = 2147483647;
			files = (
				E10001 /* GardenCalendarWidget.swift in Sources */,
				E10002 /* LocalCache.swift in Sources */,
				E10003 /* WidgetActivity.swift in Sources */,
			);
			runOnlyForDeploymentPostprocessing = 0;
		};
/* End PBXSourcesBuildPhase section */

/* Begin XCBuildConfiguration section */
		A90001 /* Debug */ = {
			isa = XCBuildConfiguration;
			buildSettings = {
				ALWAYS_SEARCH_USER_PATHS = NO;
				ASSETCATALOG_COMPILER_GENERATE_SWIFT_ASSET_SYMBOL_EXTENSIONS = YES;
				CLANG_ANALYZER_NONNULL = YES;
				CLANG_ANALYZER_NUMBER_OBJECT_CONVERSION = YES_AGGRESSIVE;
				CLANG_CXX_LANGUAGE_STANDARD = "gnu++20";
				CLANG_ENABLE_MODULES = YES;
				CLANG_ENABLE_OBJC_ARC = YES;
				CLANG_ENABLE_OBJC_WEAK = YES;
				CLANG_WARN_BLOCK_CAPTURE_AUTORELEASING = YES;
				CLANG_WARN_BOOL_CONVERSION = YES;
				CLANG_WARN_COMMA = YES;
				CLANG_WARN_CONSTANT_CONVERSION = YES;
				CLANG_WARN_DEPRECATED_OBJC_IMPLEMENTATIONS = YES;
				CLANG_WARN_DIRECT_OBJC_ISA_USAGE = YES_ERROR;
				CLANG_WARN_DOCUMENTATION_COMMENTS = YES;
				CLANG_WARN_EMPTY_BODY = YES;
				CLANG_WARN_ENUM_CONVERSION = YES;
				CLANG_WARN_INFINITE_RECURSION = YES;
				CLANG_WARN_INT_CONVERSION = YES;
				CLANG_WARN_NON_LITERAL_NULL_CONVERSION = YES;
				CLANG_WARN_OBJC_IMPLICIT_RETAIN_SELF = YES;
				CLANG_WARN_OBJC_LITERAL_CONVERSION = YES;
				CLANG_WARN_OBJC_ROOT_CLASS = YES_ERROR;
				CLANG_WARN_QUOTED_INCLUDE_IN_FRAMEWORK_HEADER = YES;
				CLANG_WARN_RANGE_LOOP_ANALYSIS = YES;
				CLANG_WARN_STRICT_PROTOTYPES = YES;
				CLANG_WARN_SUSPICIOUS_MOVE = YES;
				CLANG_WARN_UNGUARDED_AVAILABILITY = YES_AGGRESSIVE;
				CLANG_WARN_UNREACHABLE_CODE = YES;
				CLANG_WARN__DUPLICATE_METHOD_MATCH = YES;
				COPY_PHASE_STRIP = NO;
				DEBUG_INFORMATION_FORMAT = dwarf;
				ENABLE_STRICT_OBJC_MSGSEND = YES;
				ENABLE_TESTABILITY = YES;
				ENABLE_USER_SCRIPT_SANDBOXING = YES;
				GCC_C_LANGUAGE_STANDARD = gnu17;
				GCC_DYNAMIC_NO_PIC = NO;
				GCC_NO_COMMON_BLOCKS = YES;
				GCC_OPTIMIZATION_LEVEL = 0;
				GCC_PREPROCESSOR_DEFINITIONS = (
					"DEBUG=1",
					"$(inherited)",
				);
				GCC_WARN_64_TO_32_BIT_CONVERSION = YES;
				GCC_WARN_ABOUT_RETURN_TYPE = YES_ERROR;
				GCC_WARN_UNDECLARED_SELECTOR = YES;
				GCC_WARN_UNINITIALIZED_AUTOS = YES_AGGRESSIVE;
				GCC_WARN_UNUSED_FUNCTION = YES;
				GCC_WARN_UNUSED_VARIABLE = YES;
				IPHONEOS_DEPLOYMENT_TARGET = 17.0;
				LOCALIZATION_PREFERS_STRING_CATALOGS = YES;
				MTL_ENABLE_DEBUG_INFO = INCLUDE_SOURCE;
				MTL_FAST_MATH = YES;
				ONLY_ACTIVE_ARCH = YES;
				SDKROOT = iphoneos;
				SWIFT_ACTIVE_COMPILATION_CONDITIONS = "DEBUG $(inherited)";
				SWIFT_OPTIMIZATION_LEVEL = "-Onone";
			};
			name = Debug;
		};
		A90002 /* Release */ = {
			isa = XCBuildConfiguration;
			buildSettings = {
				ALWAYS_SEARCH_USER_PATHS = NO;
				ASSETCATALOG_COMPILER_GENERATE_SWIFT_ASSET_SYMBOL_EXTENSIONS = YES;
				CLANG_ANALYZER_NONNULL = YES;
				CLANG_ANALYZER_NUMBER_OBJECT_CONVERSION = YES_AGGRESSIVE;
				CLANG_CXX_LANGUAGE_STANDARD = "gnu++20";
				CLANG_ENABLE_MODULES = YES;
				CLANG_ENABLE_OBJC_ARC = YES;
				CLANG_ENABLE_OBJC_WEAK = YES;
				CLANG_WARN_BLOCK_CAPTURE_AUTORELEASING = YES;
				CLANG_WARN_BOOL_CONVERSION = YES;
				CLANG_WARN_COMMA = YES;
				CLANG_WARN_CONSTANT_CONVERSION = YES;
				CLANG_WARN_DEPRECATED_OBJC_IMPLEMENTATIONS = YES;
				CLANG_WARN_DIRECT_OBJC_ISA_USAGE = YES_ERROR;
				CLANG_WARN_DOCUMENTATION_COMMENTS = YES;
				CLANG_WARN_EMPTY_BODY = YES;
				CLANG_WARN_ENUM_CONVERSION = YES;
				CLANG_WARN_INFINITE_RECURSION = YES;
				CLANG_WARN_INT_CONVERSION = YES;
				CLANG_WARN_NON_LITERAL_NULL_CONVERSION = YES;
				CLANG_WARN_OBJC_IMPLICIT_RETAIN_SELF = YES;
				CLANG_WARN_OBJC_LITERAL_CONVERSION = YES;
				CLANG_WARN_OBJC_ROOT_CLASS = YES_ERROR;
				CLANG_WARN_QUOTED_INCLUDE_IN_FRAMEWORK_HEADER = YES;
				CLANG_WARN_RANGE_LOOP_ANALYSIS = YES;
				CLANG_WARN_STRICT_PROTOTYPES = YES;
				CLANG_WARN_SUSPICIOUS_MOVE = YES;
				CLANG_WARN_UNGUARDED_AVAILABILITY = YES_AGGRESSIVE;
				CLANG_WARN_UNREACHABLE_CODE = YES;
				CLANG_WARN__DUPLICATE_METHOD_MATCH = YES;
				COPY_PHASE_STRIP = NO;
				DEBUG_INFORMATION_FORMAT = "dwarf-with-dsym";
				ENABLE_NS_ASSERTIONS = NO;
				ENABLE_STRICT_OBJC_MSGSEND = YES;
				ENABLE_USER_SCRIPT_SANDBOXING = YES;
				GCC_C_LANGUAGE_STANDARD = gnu17;
				GCC_NO_COMMON_BLOCKS = YES;
				GCC_WARN_64_TO_32_BIT_CONVERSION = YES;
				GCC_WARN_ABOUT_RETURN_TYPE = YES_ERROR;
				GCC_WARN_UNDECLARED_SELECTOR = YES;
				GCC_WARN_UNINITIALIZED_AUTOS = YES_AGGRESSIVE;
				GCC_WARN_UNUSED_FUNCTION = YES;
				GCC_WARN_UNUSED_VARIABLE = YES;
				IPHONEOS_DEPLOYMENT_TARGET = 17.0;
				LOCALIZATION_PREFERS_STRING_CATALOGS = YES;
				MTL_ENABLE_DEBUG_INFO = NO;
				MTL_FAST_MATH = YES;
				SDKROOT = iphoneos;
				SWIFT_COMPILATION_MODE = wholemodule;
				VALIDATE_PRODUCT = YES;
			};
			name = Release;
		};
		A90003 /* Debug */ = {
			isa = XCBuildConfiguration;
			buildSettings = {
				ASSETCATALOG_COMPILER_APPICON_NAME = AppIcon;
				ASSETCATALOG_COMPILER_GLOBAL_ACCENT_COLOR_NAME = AccentColor;
				CODE_SIGN_ENTITLEMENTS = GardenCalendar/GardenCalendar.entitlements;
				CODE_SIGN_STYLE = Manual;
				"CODE_SIGN_IDENTITY[sdk=iphoneos*]" = "Apple Distribution: Alessandro Capobianco (4A5H2U7Q42)";
				DEVELOPMENT_TEAM = 4A5H2U7Q42;
				PROVISIONING_PROFILE_SPECIFIER = "GardenCalendar AppStore";
				CURRENT_PROJECT_VERSION = 3;
				DEVELOPMENT_ASSET_PATHS = "\"GardenCalendar/Preview Content\"";
				ENABLE_PREVIEWS = YES;
				GENERATE_INFOPLIST_FILE = YES;
				INFOPLIST_FILE = GardenCalendar/Info.plist;
				INFOPLIST_KEY_CFBundleDisplayName = "Garden Calendar";
				INFOPLIST_KEY_UIApplicationSceneManifest_Generation = YES;
				INFOPLIST_KEY_UIApplicationSupportsIndirectInputEvents = YES;
				INFOPLIST_KEY_UILaunchScreen_Generation = YES;
				INFOPLIST_KEY_UISupportedInterfaceOrientations_iPad = "UIInterfaceOrientationPortrait UIInterfaceOrientationPortraitUpsideDown UIInterfaceOrientationLandscapeLeft UIInterfaceOrientationLandscapeRight";
				INFOPLIST_KEY_UISupportedInterfaceOrientations_iPhone = UIInterfaceOrientationPortrait;
				LD_RUNPATH_SEARCH_PATHS = (
					"$(inherited)",
					"@executable_path/Frameworks",
				);
				MARKETING_VERSION = 1.1;
				PRODUCT_BUNDLE_IDENTIFIER = com.gardencalendar.app;
				PRODUCT_NAME = "$(TARGET_NAME)";
				SUPPORTED_PLATFORMS = "iphoneos iphonesimulator";
				SUPPORTS_MACCATALYST = NO;
				SWIFT_EMIT_LOC_STRINGS = YES;
				SWIFT_VERSION = 5.9;
				TARGETED_DEVICE_FAMILY = 1;
			};
			name = Debug;
		};
		A90004 /* Release */ = {
			isa = XCBuildConfiguration;
			buildSettings = {
				ASSETCATALOG_COMPILER_APPICON_NAME = AppIcon;
				ASSETCATALOG_COMPILER_GLOBAL_ACCENT_COLOR_NAME = AccentColor;
				CODE_SIGN_ENTITLEMENTS = GardenCalendar/GardenCalendar.entitlements;
				CODE_SIGN_STYLE = Manual;
				"CODE_SIGN_IDENTITY[sdk=iphoneos*]" = "Apple Distribution: Alessandro Capobianco (4A5H2U7Q42)";
				DEVELOPMENT_TEAM = 4A5H2U7Q42;
				PROVISIONING_PROFILE_SPECIFIER = "GardenCalendar AppStore";
				CURRENT_PROJECT_VERSION = 3;
				DEVELOPMENT_ASSET_PATHS = "\"GardenCalendar/Preview Content\"";
				ENABLE_PREVIEWS = YES;
				GENERATE_INFOPLIST_FILE = YES;
				INFOPLIST_FILE = GardenCalendar/Info.plist;
				INFOPLIST_KEY_CFBundleDisplayName = "Garden Calendar";
				INFOPLIST_KEY_UIApplicationSceneManifest_Generation = YES;
				INFOPLIST_KEY_UIApplicationSupportsIndirectInputEvents = YES;
				INFOPLIST_KEY_UILaunchScreen_Generation = YES;
				INFOPLIST_KEY_UISupportedInterfaceOrientations_iPad = "UIInterfaceOrientationPortrait UIInterfaceOrientationPortraitUpsideDown UIInterfaceOrientationLandscapeLeft UIInterfaceOrientationLandscapeRight";
				INFOPLIST_KEY_UISupportedInterfaceOrientations_iPhone = UIInterfaceOrientationPortrait;
				LD_RUNPATH_SEARCH_PATHS = (
					"$(inherited)",
					"@executable_path/Frameworks",
				);
				MARKETING_VERSION = 1.1;
				PRODUCT_BUNDLE_IDENTIFIER = com.gardencalendar.app;
				PRODUCT_NAME = "$(TARGET_NAME)";
				SUPPORTED_PLATFORMS = "iphoneos iphonesimulator";
				SUPPORTS_MACCATALYST = NO;
				SWIFT_EMIT_LOC_STRINGS = YES;
				SWIFT_VERSION = 5.9;
				TARGETED_DEVICE_FAMILY = 1;
			};
			name = Release;
		};
		E90001 /* Debug */ = {
			isa = XCBuildConfiguration;
			buildSettings = {
				ASSETCATALOG_COMPILER_GLOBAL_ACCENT_COLOR_NAME = AccentColor;
				ASSETCATALOG_COMPILER_WIDGET_BACKGROUND_COLOR_NAME = WidgetBackground;
				CODE_SIGN_ENTITLEMENTS = GardenCalendarWidget/GardenCalendarWidget.entitlements;
				CODE_SIGN_STYLE = Manual;
				"CODE_SIGN_IDENTITY[sdk=iphoneos*]" = "Apple Distribution: Alessandro Capobianco (4A5H2U7Q42)";
				DEVELOPMENT_TEAM = 4A5H2U7Q42;
				PROVISIONING_PROFILE_SPECIFIER = "GardenCalendarWidget AppStore";
				CURRENT_PROJECT_VERSION = 3;
				GENERATE_INFOPLIST_FILE = YES;
				INFOPLIST_FILE = GardenCalendarWidget/Info.plist;
				INFOPLIST_KEY_CFBundleDisplayName = "Garden Calendar";
				INFOPLIST_KEY_NSHumanReadableCopyright = "";
				LD_RUNPATH_SEARCH_PATHS = (
					"$(inherited)",
					"@executable_path/Frameworks",
					"@executable_path/../../Frameworks",
				);
				MARKETING_VERSION = 1.1;
				PRODUCT_BUNDLE_IDENTIFIER = com.gardencalendar.app.widget;
				PRODUCT_NAME = "$(TARGET_NAME)";
				SKIP_INSTALL = YES;
				SUPPORTED_PLATFORMS = "iphoneos iphonesimulator";
				SUPPORTS_MACCATALYST = NO;
				SWIFT_EMIT_LOC_STRINGS = YES;
				SWIFT_VERSION = 5.9;
				TARGETED_DEVICE_FAMILY = 1;
			};
			name = Debug;
		};
		E90002 /* Release */ = {
			isa = XCBuildConfiguration;
			buildSettings = {
				ASSETCATALOG_COMPILER_GLOBAL_ACCENT_COLOR_NAME = AccentColor;
				ASSETCATALOG_COMPILER_WIDGET_BACKGROUND_COLOR_NAME = WidgetBackground;
				CODE_SIGN_ENTITLEMENTS = GardenCalendarWidget/GardenCalendarWidget.entitlements;
				CODE_SIGN_STYLE = Manual;
				"CODE_SIGN_IDENTITY[sdk=iphoneos*]" = "Apple Distribution: Alessandro Capobianco (4A5H2U7Q42)";
				DEVELOPMENT_TEAM = 4A5H2U7Q42;
				PROVISIONING_PROFILE_SPECIFIER = "GardenCalendarWidget AppStore";
				CURRENT_PROJECT_VERSION = 3;
				GENERATE_INFOPLIST_FILE = YES;
				INFOPLIST_FILE = GardenCalendarWidget/Info.plist;
				INFOPLIST_KEY_CFBundleDisplayName = "Garden Calendar";
				INFOPLIST_KEY_NSHumanReadableCopyright = "";
				LD_RUNPATH_SEARCH_PATHS = (
					"$(inherited)",
					"@executable_path/Frameworks",
					"@executable_path/../../Frameworks",
				);
				MARKETING_VERSION = 1.1;
				PRODUCT_BUNDLE_IDENTIFIER = com.gardencalendar.app.widget;
				PRODUCT_NAME = "$(TARGET_NAME)";
				SKIP_INSTALL = YES;
				SUPPORTED_PLATFORMS = "iphoneos iphonesimulator";
				SUPPORTS_MACCATALYST = NO;
				SWIFT_EMIT_LOC_STRINGS = YES;
				SWIFT_VERSION = 5.9;
				TARGETED_DEVICE_FAMILY = 1;
			};
			name = Release;
		};
/* End XCBuildConfiguration section */

/* Begin XCConfigurationList section */
		A70001 /* Build configuration list for PBXNativeTarget "GardenCalendar" */ = {
			isa = XCConfigurationList;
			buildConfigurations = (
				A90003 /* Debug */,
				A90004 /* Release */,
			);
			defaultConfigurationIsVisible = 0;
			defaultConfigurationName = Release;
		};
		A70002 /* Build configuration list for PBXProject "GardenCalendar" */ = {
			isa = XCConfigurationList;
			buildConfigurations = (
				A90001 /* Debug */,
				A90002 /* Release */,
			);
			defaultConfigurationIsVisible = 0;
			defaultConfigurationName = Release;
		};
		EA0001 /* Build configuration list for PBXNativeTarget "GardenCalendarWidgetExtension" */ = {
			isa = XCConfigurationList;
			buildConfigurations = (
				E90001 /* Debug */,
				E90002 /* Release */,
			);
			defaultConfigurationIsVisible = 0;
			defaultConfigurationName = Release;
		};
/* End XCConfigurationList section */

/* Begin XCRemoteSwiftPackageReference section */
		C20001 /* XCRemoteSwiftPackageReference "supabase-swift" */ = {
			isa = XCRemoteSwiftPackageReference;
			repositoryURL = "https://github.com/supabase/supabase-swift.git";
			requirement = {
				kind = upToNextMajorVersion;
				minimumVersion = 2.0.0;
			};
		};
/* End XCRemoteSwiftPackageReference section */

/* Begin XCSwiftPackageProductDependency section */
		C10001 /* Supabase */ = {
			isa = XCSwiftPackageProductDependency;
			package = C20001 /* XCRemoteSwiftPackageReference "supabase-swift" */;
			productName = Supabase;
		};
/* End XCSwiftPackageProductDependency section */
	};
	rootObject = A80001 /* Project object */;
}
